
Microsoft Visual Studio Solution File, Format Version 12.00
# Visual Studio Version 17
VisualStudioVersion = 17.3.32901.215
MinimumVisualStudioVersion = 10.0.40219.1
Project("{FAE04EC0-301F-11D3-BF4B-00C04F79EFBC}") = "GeoFigureForm_v1.0", "GeoFigureForm_v1.0\GeoFigureForm_v1.0.csproj", "{7DDC57D9-F81A-4E2F-9711-E6F408C0CCBA}"
EndProject
Global
	GlobalSection(SolutionConfigurationPlatforms) = preSolution
		Debug|Any CPU = Debug|Any CPU
		Release|Any CPU = Release|Any CPU
	EndGlobalSection
	GlobalSection(ProjectConfigurationPlatforms) = postSolution
		{7DDC57D9-F81A-4E2F-9711-E6F408C0CCBA}.Debug|Any CPU.ActiveCfg = Debug|Any CPU
		{7DDC57D9-F81A-4E2F-9711-E6F408C0CCBA}.Debug|Any CPU.Build.0 = Debug|Any CPU
		{7DDC57D9-F81A-4E2F-9711-E6F408C0CCBA}.Release|Any CPU.ActiveCfg = Release|Any CPU
		{7DDC57D9-F81A-4E2F-9711-E6F408C0CCBA}.Release|Any CPU.Build.0 = Release|Any CPU
	EndGlobalSection
	GlobalSection(SolutionProperties) = preSolution
		HideSolutionNode = FALSE
	EndGlobalSection
	GlobalSection(ExtensibilityGlobals) = postSolution
		SolutionGuid = {E549CCA5-DD49-4C85-9CA5-2F9738E1BFAA}
	EndGlobalSection
EndGlobal
